
Microsoft Visual Studio Solution File, Format Version 12.00
Project("{FAE04EC0-301F-11D3-BF4B-00C04F79EFBC}") = "finance_app", "finance_app.csproj", "{5EAD24ED-45DC-4084-9629-5FA2F36D60E6}"
EndProject
Global
	GlobalSection(SolutionConfigurationPlatforms) = preSolution
		Debug|Any CPU = Debug|Any CPU
		Release|Any CPU = Release|Any CPU
	EndGlobalSection
	GlobalSection(ProjectConfigurationPlatforms) = postSolution
		{5EAD24ED-45DC-4084-9629-5FA2F36D60E6}.Debug|Any CPU.ActiveCfg = Debug|Any CPU
		{5EAD24ED-45DC-4084-9629-5FA2F36D60E6}.Debug|Any CPU.Build.0 = Debug|Any CPU
		{5EAD24ED-45DC-4084-9629-5FA2F36D60E6}.Release|Any CPU.ActiveCfg = Release|Any CPU
		{5EAD24ED-45DC-4084-9629-5FA2F36D60E6}.Release|Any CPU.Build.0 = Release|Any CPU
	EndGlobalSection
EndGlobal
